
Microsoft Visual Studio Solution File, Format Version 12.00
# Visual Studio Version 17
VisualStudioVersion = 17.3.32819.101
MinimumVisualStudioVersion = 10.0.40219.1
Project("{9A19103F-16F7-4668-BE54-9A1E7A4F7556}") = "MiPrimerCRUD", "MiPrimerCRUD\MiPrimerCRUD.csproj", "{1FD835B3-DA31-4D88-B5B0-2EDF961C4F71}"
EndProject
Project("{FAE04EC0-301F-11D3-BF4B-00C04F79EFBC}") = "CapaInfraestructura", "CapaInfraestructura\CapaInfraestructura.csproj", "{DAD378AA-75F9-4686-B2DF-0CE575157E7D}"
EndProject
Global
	GlobalSection(SolutionConfigurationPlatforms) = preSolution
		Debug|Any CPU = Debug|Any CPU
		Release|Any CPU = Release|Any CPU
	EndGlobalSection
	GlobalSection(ProjectConfigurationPlatforms) = postSolution
		{1FD835B3-DA31-4D88-B5B0-2EDF961C4F71}.Debug|Any CPU.ActiveCfg = Debug|Any CPU
		{1FD835B3-DA31-4D88-B5B0-2EDF961C4F71}.Debug|Any CPU.Build.0 = Debug|Any CPU
		{1FD835B3-DA31-4D88-B5B0-2EDF961C4F71}.Release|Any CPU.ActiveCfg = Release|Any CPU
		{1FD835B3-DA31-4D88-B5B0-2EDF961C4F71}.Release|Any CPU.Build.0 = Release|Any CPU
		{DAD378AA-75F9-4686-B2DF-0CE575157E7D}.Debug|Any CPU.ActiveCfg = Debug|Any CPU
		{DAD378AA-75F9-4686-B2DF-0CE575157E7D}.Debug|Any CPU.Build.0 = Debug|Any CPU
		{DAD378AA-75F9-4686-B2DF-0CE575157E7D}.Release|Any CPU.ActiveCfg = Release|Any CPU
		{DAD378AA-75F9-4686-B2DF-0CE575157E7D}.Release|Any CPU.Build.0 = Release|Any CPU
	EndGlobalSection
	GlobalSection(SolutionProperties) = preSolution
		HideSolutionNode = FALSE
	EndGlobalSection
	GlobalSection(ExtensibilityGlobals) = postSolution
		SolutionGuid = {B5EB4BAA-38DC-4E2F-8186-4B0D9CDAD71E}
	EndGlobalSection
EndGlobal
